
Microsoft Visual Studio Solution File, Format Version 12.00
# Visual Studio 15
VisualStudioVersion = 15.0.27130.2027
MinimumVisualStudioVersion = 10.0.40219.1
Project("{FAE04EC0-301F-11D3-BF4B-00C04F79EFBC}") = "EncoderAndDecoder1.0", "EncoderAndDecoder1.0\EncoderAndDecoder1.0.csproj", "{A30C176B-B317-4294-9C32-DBB7A601B008}"
EndProject
Global
	GlobalSection(SolutionConfigurationPlatforms) = preSolution
		Debug|Any CPU = Debug|Any CPU
		Release|Any CPU = Release|Any CPU
	EndGlobalSection
	GlobalSection(ProjectConfigurationPlatforms) = postSolution
		{A30C176B-B317-4294-9C32-DBB7A601B008}.Debug|Any CPU.ActiveCfg = Debug|Any CPU
		{A30C176B-B317-4294-9C32-DBB7A601B008}.Debug|Any CPU.Build.0 = Debug|Any CPU
		{A30C176B-B317-4294-9C32-DBB7A601B008}.Release|Any CPU.ActiveCfg = Release|Any CPU
		{A30C176B-B317-4294-9C32-DBB7A601B008}.Release|Any CPU.Build.0 = Release|Any CPU
	EndGlobalSection
	GlobalSection(SolutionProperties) = preSolution
		HideSolutionNode = FALSE
	EndGlobalSection
	GlobalSection(ExtensibilityGlobals) = postSolution
		SolutionGuid = {32045588-7A03-437C-B302-13B1E86C61FB}
	EndGlobalSection
EndGlobal
